{
  "requires": true,
  "lockfileVersion": 1,
  "dependencies": {
    "@uirouter/angularjs": {
      "version": "1.0.18",
      "resolved": "https://registry.npmjs.org/@uirouter/angularjs/-/angularjs-1.0.18.tgz",
      "integrity": "sha512-tswhwMMBDnbGOZnnCVpnA0pbd7dXkBck1HO0WY7fw8GO3dKbWAAc/rL0479dLypR89UDDGym5leTvZCLW4cJnA==",
      "requires": {
        "@uirouter/core": "5.0.19"
      }
    },
    "@uirouter/core": {
      "version": "5.0.19",
      "resolved": "https://registry.npmjs.org/@uirouter/core/-/core-5.0.19.tgz",
      "integrity": "sha512-wow+CKRThUAQkiTLNQCBsKQIU3NbH8GGH/w/TrcjKdvkZQA2jQB9QSqmmZxj7XNoZXY7QVcSSc4DWmxuSeAWmQ=="
    },
    "angular": {
      "version": "1.7.0",
      "resolved": "https://registry.npmjs.org/angular/-/angular-1.7.0.tgz",
      "integrity": "sha512-3LboCLjrOuC7dWh953O0+dI3dJ7PexYRSCIrfqoN5qoHyja/wak3eWoxPKb2Sl2qwiPbrUV5KJXwgpUQ48McBQ=="
    },
    "angular-animate": {
      "version": "1.7.0",
      "resolved": "https://registry.npmjs.org/angular-animate/-/angular-animate-1.7.0.tgz",
      "integrity": "sha512-508uYJLhcX85cKqOlp3stzv1WEnlEtKPGC2J1ljn8sxhwUhENWte2lGI8DJev26Lsk5dHpinBSJC/J0f7jj53w=="
    },
    "angular-confirm": {
      "version": "1.1.0",
      "resolved": "https://registry.npmjs.org/angular-confirm/-/angular-confirm-1.1.0.tgz",
      "integrity": "sha1-U2GBFnN8VfB2CREy7Ib0TfMCX70="
    },
    "angular-cookies": {
      "version": "1.7.0",
      "resolved": "https://registry.npmjs.org/angular-cookies/-/angular-cookies-1.7.0.tgz",
      "integrity": "sha512-bxY7SAl7M+P+DazcDq4OVSFhmR0QET6KWw7bsxh4V22Ky+NcGbdyFySRNqu0TtWB5LkiGvo0wCFLd/vDyuMQOQ=="
    },
    "angular-resource": {
      "version": "1.7.0",
      "resolved": "https://registry.npmjs.org/angular-resource/-/angular-resource-1.7.0.tgz",
      "integrity": "sha512-qqblbpS3bZmSEz0Bf4HfjhT2BH1GqS5eodtJu8Clp1qOHEz8o8Ggd782Vb7aZ+8TPFeKMRYCwZBOQZNALKFm6w=="
    },
    "angular-route": {
      "version": "1.7.0",
      "resolved": "https://registry.npmjs.org/angular-route/-/angular-route-1.7.0.tgz",
      "integrity": "sha512-uljEHpNRt5++GWwvAe+33dTuBuLh7mpxPU3lnwb/DFxvcNpPPcS8jImXzWQc2tPi/S6hGPovhMqjxmJIG8kz0A=="
    },
    "angular-sanitize": {
      "version": "1.7.0",
      "resolved": "https://registry.npmjs.org/angular-sanitize/-/angular-sanitize-1.7.0.tgz",
      "integrity": "sha512-AIBJ9Es6symE0aqDeSYRoHlZ/Wsvyk3YnMsLl+I8T5EWz2Ht7+6ffMvrFpnWPNS1jV75JtOeOWpOHpbP3HjRCw=="
    },
    "angular-sweetalert": {
      "version": "1.1.2",
      "resolved": "https://registry.npmjs.org/angular-sweetalert/-/angular-sweetalert-1.1.2.tgz",
      "integrity": "sha1-tQkMTh+khtm2G56nmdW3B7sEQi8=",
      "requires": {
        "angular": "^1.3.14",
        "sweetalert": "^0.4.2"
      }
    },
    "angular-touch": {
      "version": "1.7.0",
      "resolved": "https://registry.npmjs.org/angular-touch/-/angular-touch-1.7.0.tgz",
      "integrity": "sha512-jAXcNuk2O0IZiBmPrt2sI6YDi4KB5Jy3o9MvQSOQk6rnhF8SEfZxvR63J9lXDway19YrpadsUJvpGLe7m3SdYw=="
    },
    "angularjs-datepicker": {
      "version": "2.1.23",
      "resolved": "https://registry.npmjs.org/angularjs-datepicker/-/angularjs-datepicker-2.1.23.tgz",
      "integrity": "sha1-ZJq4viz3dpKw/IEuKp2xgCIcJOU="
    },
    "components-font-awesome": {
      "version": "4.7.0",
      "resolved": "https://registry.npmjs.org/components-font-awesome/-/components-font-awesome-4.7.0.tgz",
      "integrity": "sha1-p1UAlLbiy1zX3OScQFdxxTPpz+E="
    },
    "jquery": {
      "version": "3.3.1",
      "resolved": "https://registry.npmjs.org/jquery/-/jquery-3.3.1.tgz",
      "integrity": "sha512-Ubldcmxp5np52/ENotGxlLe6aGMvmF4R8S6tZjsP6Knsaxd/xp3Zrh50cG93lR6nPXyUFwzN3ZSOQI0wRJNdGg=="
    },
    "placeholder-loading": {
      "version": "0.2.0",
      "resolved": "https://registry.npmjs.org/placeholder-loading/-/placeholder-loading-0.2.0.tgz",
      "integrity": "sha512-HAQyV3E+7WGpeuA0cYVIpC9dy9TFUSkdhW1zrUDhQDzcdGNy0ZrpY1LNokIjthI+FNTAUtot7kfpB5rknE304A=="
    },
    "sweetalert": {
      "version": "0.4.2",
      "resolved": "https://registry.npmjs.org/sweetalert/-/sweetalert-0.4.2.tgz",
      "integrity": "sha1-/AnviJSNDyXk8SMqIhSfCecDdT4="
    },
    "sweetalert2": {
      "version": "8.8.3",
      "resolved": "https://registry.npmjs.org/sweetalert2/-/sweetalert2-8.8.3.tgz",
      "integrity": "sha512-ITLREtNzv5RBAB0HJytly/3CJEMvqsJfTk+mwkgtJudQsp2iI5IZlPgKAVGQGLeYwH4vnHRRJu/GIiIjp9Fp9g=="
    }
  }
}
